
Microsoft Visual Studio Solution File, Format Version 12.00
# Visual Studio 15
VisualStudioVersion = 15.0.28307.168
MinimumVisualStudioVersion = 10.0.40219.1
Project("{FAE04EC0-301F-11D3-BF4B-00C04F79EFBC}") = "App4.Android", "App4\App4.Android\App4.Android.csproj", "{077E3905-2FC6-442B-A153-C84515C47563}"
EndProject
Project("{FAE04EC0-301F-11D3-BF4B-00C04F79EFBC}") = "App4.iOS", "App4\App4.iOS\App4.iOS.csproj", "{196D118E-08E8-47BA-9993-745FA8473886}"
EndProject
Project("{9A19103F-16F7-4668-BE54-9A1E7A4F7556}") = "App4", "App4\App4\App4.csproj", "{95C1FDEC-F2D1-48CB-A5DF-364A5E334E90}"
EndProject
Global
	GlobalSection(SolutionConfigurationPlatforms) = preSolution
		Ad-Hoc|Any CPU = Ad-Hoc|Any CPU
		Ad-Hoc|iPhone = Ad-Hoc|iPhone
		Ad-Hoc|iPhoneSimulator = Ad-Hoc|iPhoneSimulator
		AppStore|Any CPU = AppStore|Any CPU
		AppStore|iPhone = AppStore|iPhone
		AppStore|iPhoneSimulator = AppStore|iPhoneSimulator
		Debug|Any CPU = Debug|Any CPU
		Debug|iPhone = Debug|iPhone
		Debug|iPhoneSimulator = Debug|iPhoneSimulator
		Release|Any CPU = Release|Any CPU
		Release|iPhone = Release|iPhone
		Release|iPhoneSimulator = Release|iPhoneSimulator
	EndGlobalSection
	GlobalSection(ProjectConfigurationPlatforms) = postSolution
		{077E3905-2FC6-442B-A153-C84515C47563}.Ad-Hoc|Any CPU.ActiveCfg = Release|Any CPU
		{077E3905-2FC6-442B-A153-C84515C47563}.Ad-Hoc|Any CPU.Build.0 = Release|Any CPU
		{077E3905-2FC6-442B-A153-C84515C47563}.Ad-Hoc|Any CPU.Deploy.0 = Release|Any CPU
		{077E3905-2FC6-442B-A153-C84515C47563}.Ad-Hoc|iPhone.ActiveCfg = Release|Any CPU
		{077E3905-2FC6-442B-A153-C84515C47563}.Ad-Hoc|iPhone.Build.0 = Release|Any CPU
		{077E3905-2FC6-442B-A153-C84515C47563}.Ad-Hoc|iPhone.Deploy.0 = Release|Any CPU
		{077E3905-2FC6-442B-A153-C84515C47563}.Ad-Hoc|iPhoneSimulator.ActiveCfg = Release|Any CPU
		{077E3905-2FC6-442B-A153-C84515C47563}.Ad-Hoc|iPhoneSimulator.Build.0 = Release|Any CPU
		{077E3905-2FC6-442B-A153-C84515C47563}.Ad-Hoc|iPhoneSimulator.Deploy.0 = Release|Any CPU
		{077E3905-2FC6-442B-A153-C84515C47563}.AppStore|Any CPU.ActiveCfg = Release|Any CPU
		{077E3905-2FC6-442B-A153-C84515C47563}.AppStore|Any CPU.Build.0 = Release|Any CPU
		{077E3905-2FC6-442B-A153-C84515C47563}.AppStore|Any CPU.Deploy.0 = Release|Any CPU
		{077E3905-2FC6-442B-A153-C84515C47563}.AppStore|iPhone.ActiveCfg = Release|Any CPU
		{077E3905-2FC6-442B-A153-C84515C47563}.AppStore|iPhone.Build.0 = Release|Any CPU
		{077E3905-2FC6-442B-A153-C84515C47563}.AppStore|iPhone.Deploy.0 = Release|Any CPU
		{077E3905-2FC6-442B-A153-C84515C47563}.AppStore|iPhoneSimulator.ActiveCfg = Release|Any CPU
		{077E3905-2FC6-442B-A153-C84515C47563}.AppStore|iPhoneSimulator.Build.0 = Release|Any CPU
		{077E3905-2FC6-442B-A153-C84515C47563}.AppStore|iPhoneSimulator.Deploy.0 = Release|Any CPU
		{077E3905-2FC6-442B-A153-C84515C47563}.Debug|Any CPU.ActiveCfg = Debug|Any CPU
		{077E3905-2FC6-442B-A153-C84515C47563}.Debug|Any CPU.Build.0 = Debug|Any CPU
		{077E3905-2FC6-442B-A153-C84515C47563}.Debug|Any CPU.Deploy.0 = Debug|Any CPU
		{077E3905-2FC6-442B-A153-C84515C47563}.Debug|iPhone.ActiveCfg = Debug|Any CPU
		{077E3905-2FC6-442B-A153-C84515C47563}.Debug|iPhone.Build.0 = Debug|Any CPU
		{077E3905-2FC6-442B-A153-C84515C47563}.Debug|iPhone.Deploy.0 = Debug|Any CPU
		{077E3905-2FC6-442B-A153-C84515C47563}.Debug|iPhoneSimulator.ActiveCfg = Debug|Any CPU
		{077E3905-2FC6-442B-A153-C84515C47563}.Debug|iPhoneSimulator.Build.0 = Debug|Any CPU
		{077E3905-2FC6-442B-A153-C84515C47563}.Debug|iPhoneSimulator.Deploy.0 = Debug|Any CPU
		{077E3905-2FC6-442B-A153-C84515C47563}.Release|Any CPU.ActiveCfg = Release|Any CPU
		{077E3905-2FC6-442B-A153-C84515C47563}.Release|Any CPU.Build.0 = Release|Any CPU
		{077E3905-2FC6-442B-A153-C84515C47563}.Release|Any CPU.Deploy.0 = Release|Any CPU
		{077E3905-2FC6-442B-A153-C84515C47563}.Release|iPhone.ActiveCfg = Release|Any CPU
		{077E3905-2FC6-442B-A153-C84515C47563}.Release|iPhone.Build.0 = Release|Any CPU
		{077E3905-2FC6-442B-A153-C84515C47563}.Release|iPhone.Deploy.0 = Release|Any CPU
		{077E3905-2FC6-442B-A153-C84515C47563}.Release|iPhoneSimulator.ActiveCfg = Release|Any CPU
		{077E3905-2FC6-442B-A153-C84515C47563}.Release|iPhoneSimulator.Build.0 = Release|Any CPU
		{077E3905-2FC6-442B-A153-C84515C47563}.Release|iPhoneSimulator.Deploy.0 = Release|Any CPU
		{196D118E-08E8-47BA-9993-745FA8473886}.Ad-Hoc|Any CPU.ActiveCfg = Ad-Hoc|iPhone
		{196D118E-08E8-47BA-9993-745FA8473886}.Ad-Hoc|Any CPU.Build.0 = Ad-Hoc|iPhone
		{196D118E-08E8-47BA-9993-745FA8473886}.Ad-Hoc|Any CPU.Deploy.0 = Ad-Hoc|iPhone
		{196D118E-08E8-47BA-9993-745FA8473886}.Ad-Hoc|iPhone.ActiveCfg = Ad-Hoc|iPhone
		{196D118E-08E8-47BA-9993-745FA8473886}.Ad-Hoc|iPhone.Build.0 = Ad-Hoc|iPhone
		{196D118E-08E8-47BA-9993-745FA8473886}.Ad-Hoc|iPhone.Deploy.0 = Ad-Hoc|iPhone
		{196D118E-08E8-47BA-9993-745FA8473886}.Ad-Hoc|iPhoneSimulator.ActiveCfg = Ad-Hoc|iPhoneSimulator
		{196D118E-08E8-47BA-9993-745FA8473886}.Ad-Hoc|iPhoneSimulator.Build.0 = Ad-Hoc|iPhoneSimulator
		{196D118E-08E8-47BA-9993-745FA8473886}.Ad-Hoc|iPhoneSimulator.Deploy.0 = Ad-Hoc|iPhoneSimulator
		{196D118E-08E8-47BA-9993-745FA8473886}.AppStore|Any CPU.ActiveCfg = AppStore|iPhone
		{196D118E-08E8-47BA-9993-745FA8473886}.AppStore|Any CPU.Build.0 = AppStore|iPhone
		{196D118E-08E8-47BA-9993-745FA8473886}.AppStore|Any CPU.Deploy.0 = AppStore|iPhone
		{196D118E-08E8-47BA-9993-745FA8473886}.AppStore|iPhone.ActiveCfg = AppStore|iPhone
		{196D118E-08E8-47BA-9993-745FA8473886}.AppStore|iPhone.Build.0 = AppStore|iPhone
		{196D118E-08E8-47BA-9993-745FA8473886}.AppStore|iPhone.Deploy.0 = AppStore|iPhone
		{196D118E-08E8-47BA-9993-745FA8473886}.AppStore|iPhoneSimulator.ActiveCfg = AppStore|iPhoneSimulator
		{196D118E-08E8-47BA-9993-745FA8473886}.AppStore|iPhoneSimulator.Build.0 = AppStore|iPhoneSimulator
		{196D118E-08E8-47BA-9993-745FA8473886}.AppStore|iPhoneSimulator.Deploy.0 = AppStore|iPhoneSimulator
		{196D118E-08E8-47BA-9993-745FA8473886}.Debug|Any CPU.ActiveCfg = Debug|iPhoneSimulator
		{196D118E-08E8-47BA-9993-745FA8473886}.Debug|Any CPU.Build.0 = Debug|iPhoneSimulator
		{196D118E-08E8-47BA-9993-745FA8473886}.Debug|Any CPU.Deploy.0 = Debug|iPhoneSimulator
		{196D118E-08E8-47BA-9993-745FA8473886}.Debug|iPhone.ActiveCfg = Debug|iPhone
		{196D118E-08E8-47BA-9993-745FA8473886}.Debug|iPhone.Build.0 = Debug|iPhone
		{196D118E-08E8-47BA-9993-745FA8473886}.Debug|iPhone.Deploy.0 = Debug|iPhone
		{196D118E-08E8-47BA-9993-745FA8473886}.Debug|iPhoneSimulator.ActiveCfg = Debug|iPhoneSimulator
		{196D118E-08E8-47BA-9993-745FA8473886}.Debug|iPhoneSimulator.Build.0 = Debug|iPhoneSimulator
		{196D118E-08E8-47BA-9993-745FA8473886}.Debug|iPhoneSimulator.Deploy.0 = Debug|iPhoneSimulator
		{196D118E-08E8-47BA-9993-745FA8473886}.Release|Any CPU.ActiveCfg = Release|iPhone
		{196D118E-08E8-47BA-9993-745FA8473886}.Release|Any CPU.Build.0 = Release|iPhone
		{196D118E-08E8-47BA-9993-745FA8473886}.Release|Any CPU.Deploy.0 = Release|iPhone
		{196D118E-08E8-47BA-9993-745FA8473886}.Release|iPhone.ActiveCfg = Release|iPhone
		{196D118E-08E8-47BA-9993-745FA8473886}.Release|iPhone.Build.0 = Release|iPhone
		{196D118E-08E8-47BA-9993-745FA8473886}.Release|iPhone.Deploy.0 = Release|iPhone
		{196D118E-08E8-47BA-9993-745FA8473886}.Release|iPhoneSimulator.ActiveCfg = Release|iPhoneSimulator
		{196D118E-08E8-47BA-9993-745FA8473886}.Release|iPhoneSimulator.Build.0 = Release|iPhoneSimulator
		{196D118E-08E8-47BA-9993-745FA8473886}.Release|iPhoneSimulator.Deploy.0 = Release|iPhoneSimulator
		{95C1FDEC-F2D1-48CB-A5DF-364A5E334E90}.Ad-Hoc|Any CPU.ActiveCfg = Debug|Any CPU
		{95C1FDEC-F2D1-48CB-A5DF-364A5E334E90}.Ad-Hoc|Any CPU.Build.0 = Debug|Any CPU
		{95C1FDEC-F2D1-48CB-A5DF-364A5E334E90}.Ad-Hoc|Any CPU.Deploy.0 = Debug|Any CPU
		{95C1FDEC-F2D1-48CB-A5DF-364A5E334E90}.Ad-Hoc|iPhone.ActiveCfg = Debug|Any CPU
		{95C1FDEC-F2D1-48CB-A5DF-364A5E334E90}.Ad-Hoc|iPhone.Build.0 = Debug|Any CPU
		{95C1FDEC-F2D1-48CB-A5DF-364A5E334E90}.Ad-Hoc|iPhone.Deploy.0 = Debug|Any CPU
		{95C1FDEC-F2D1-48CB-A5DF-364A5E334E90}.Ad-Hoc|iPhoneSimulator.ActiveCfg = Debug|Any CPU
		{95C1FDEC-F2D1-48CB-A5DF-364A5E334E90}.Ad-Hoc|iPhoneSimulator.Build.0 = Debug|Any CPU
		{95C1FDEC-F2D1-48CB-A5DF-364A5E334E90}.Ad-Hoc|iPhoneSimulator.Deploy.0 = Debug|Any CPU
		{95C1FDEC-F2D1-48CB-A5DF-364A5E334E90}.AppStore|Any CPU.ActiveCfg = Debug|Any CPU
		{95C1FDEC-F2D1-48CB-A5DF-364A5E334E90}.AppStore|Any CPU.Build.0 = Debug|Any CPU
		{95C1FDEC-F2D1-48CB-A5DF-364A5E334E90}.AppStore|Any CPU.Deploy.0 = Debug|Any CPU
		{95C1FDEC-F2D1-48CB-A5DF-364A5E334E90}.AppStore|iPhone.ActiveCfg = Debug|Any CPU
		{95C1FDEC-F2D1-48CB-A5DF-364A5E334E90}.AppStore|iPhone.Build.0 = Debug|Any CPU
		{95C1FDEC-F2D1-48CB-A5DF-364A5E334E90}.AppStore|iPhone.Deploy.0 = Debug|Any CPU
		{95C1FDEC-F2D1-48CB-A5DF-364A5E334E90}.AppStore|iPhoneSimulator.ActiveCfg = Debug|Any CPU
		{95C1FDEC-F2D1-48CB-A5DF-364A5E334E90}.AppStore|iPhoneSimulator.Build.0 = Debug|Any CPU
		{95C1FDEC-F2D1-48CB-A5DF-364A5E334E90}.AppStore|iPhoneSimulator.Deploy.0 = Debug|Any CPU
		{95C1FDEC-F2D1-48CB-A5DF-364A5E334E90}.Debug|Any CPU.ActiveCfg = Debug|Any CPU
		{95C1FDEC-F2D1-48CB-A5DF-364A5E334E90}.Debug|Any CPU.Build.0 = Debug|Any CPU
		{95C1FDEC-F2D1-48CB-A5DF-364A5E334E90}.Debug|Any CPU.Deploy.0 = Debug|Any CPU
		{95C1FDEC-F2D1-48CB-A5DF-364A5E334E90}.Debug|iPhone.ActiveCfg = Debug|Any CPU
		{95C1FDEC-F2D1-48CB-A5DF-364A5E334E90}.Debug|iPhone.Build.0 = Debug|Any CPU
		{95C1FDEC-F2D1-48CB-A5DF-364A5E334E90}.Debug|iPhone.Deploy.0 = Debug|Any CPU
		{95C1FDEC-F2D1-48CB-A5DF-364A5E334E90}.Debug|iPhoneSimulator.ActiveCfg = Debug|Any CPU
		{95C1FDEC-F2D1-48CB-A5DF-364A5E334E90}.Debug|iPhoneSimulator.Build.0 = Debug|Any CPU
		{95C1FDEC-F2D1-48CB-A5DF-364A5E334E90}.Debug|iPhoneSimulator.Deploy.0 = Debug|Any CPU
		{95C1FDEC-F2D1-48CB-A5DF-364A5E334E90}.Release|Any CPU.ActiveCfg = Release|Any CPU
		{95C1FDEC-F2D1-48CB-A5DF-364A5E334E90}.Release|Any CPU.Build.0 = Release|Any CPU
		{95C1FDEC-F2D1-48CB-A5DF-364A5E334E90}.Release|Any CPU.Deploy.0 = Release|Any CPU
		{95C1FDEC-F2D1-48CB-A5DF-364A5E334E90}.Release|iPhone.ActiveCfg = Release|Any CPU
		{95C1FDEC-F2D1-48CB-A5DF-364A5E334E90}.Release|iPhone.Build.0 = Release|Any CPU
		{95C1FDEC-F2D1-48CB-A5DF-364A5E334E90}.Release|iPhone.Deploy.0 = Release|Any CPU
		{95C1FDEC-F2D1-48CB-A5DF-364A5E334E90}.Release|iPhoneSimulator.ActiveCfg = Release|Any CPU
		{95C1FDEC-F2D1-48CB-A5DF-364A5E334E90}.Release|iPhoneSimulator.Build.0 = Release|Any CPU
		{95C1FDEC-F2D1-48CB-A5DF-364A5E334E90}.Release|iPhoneSimulator.Deploy.0 = Release|Any CPU
	EndGlobalSection
	GlobalSection(SolutionProperties) = preSolution
		HideSolutionNode = FALSE
	EndGlobalSection
	GlobalSection(ExtensibilityGlobals) = postSolution
		SolutionGuid = {4BD29664-6F8D-4663-99AC-C6A61D9D296B}
	EndGlobalSection
EndGlobal
